{
  "name": "web3-evm-transfer-log-takehome",
  "version": "1.0.0",
  "lockfileVersion": 3,
  "requires": true,
  "packages": {
    "": {
      "name": "web3-evm-transfer-log-takehome",
      "version": "1.0.0",
      "license": "UNLICENSED",
      "dependencies": {
        "js-sha3": "^0.9.3"
      },
      "engines": {
        "node": ">=18"
      }
    },
    "node_modules/js-sha3": {
      "version": "0.9.3",
      "resolved": "https://registry.npmmirror.com/js-sha3/-/js-sha3-0.9.3.tgz",
      "integrity": "sha512-BcJPCQeLg6WjEx3FE591wVAevlli8lxsxm9/FzV4HXkV49TmBH38Yvrpce6fjbADGMKFrBMGTqrVz3qPIZ88Gg==",
      "license": "MIT"
    }
  }
}
